
Microsoft Visual Studio Solution File, Format Version 12.00
# Visual Studio Version 17
VisualStudioVersion = 17.11.35222.181
MinimumVisualStudioVersion = 10.0.40219.1
Project("{FAE04EC0-301F-11D3-BF4B-00C04F79EFBC}") = "DimmableLights", "DimmableLights\DimmableLights.csproj", "{E45542F4-2434-4478-A009-F615CA258B1C}"
EndProject
Global
	GlobalSection(SolutionConfigurationPlatforms) = preSolution
		Debug|Any CPU = Debug|Any CPU
		Release|Any CPU = Release|Any CPU
	EndGlobalSection
	GlobalSection(ProjectConfigurationPlatforms) = postSolution
		{E45542F4-2434-4478-A009-F615CA258B1C}.Debug|Any CPU.ActiveCfg = Debug|Any CPU
		{E45542F4-2434-4478-A009-F615CA258B1C}.Debug|Any CPU.Build.0 = Debug|Any CPU
		{E45542F4-2434-4478-A009-F615CA258B1C}.Release|Any CPU.ActiveCfg = Release|Any CPU
		{E45542F4-2434-4478-A009-F615CA258B1C}.Release|Any CPU.Build.0 = Release|Any CPU
	EndGlobalSection
	GlobalSection(SolutionProperties) = preSolution
		HideSolutionNode = FALSE
	EndGlobalSection
	GlobalSection(ExtensibilityGlobals) = postSolution
		SolutionGuid = {BC046BA6-B6E3-4EE1-A9F6-34A49233B69F}
	EndGlobalSection
EndGlobal
